
Microsoft Visual Studio Solution File, Format Version 12.00
# Visual Studio 15
VisualStudioVersion = 15.0.27703.2035
MinimumVisualStudioVersion = 10.0.40219.1
Project("{8BC9CEB8-8B4A-11D0-8D11-00A0C91BC942}") = "Team 5 - project C - Elevator Simulation", "Team 5 - project C - Elevator Simulation\Team 5 - project C - Elevator Simulation.vcxproj", "{D22C41EF-3A50-41CB-8348-94D734B83E58}"
EndProject
Global
	GlobalSection(SolutionConfigurationPlatforms) = preSolution
		Debug|x64 = Debug|x64
		Debug|x86 = Debug|x86
		Release|x64 = Release|x64
		Release|x86 = Release|x86
	EndGlobalSection
	GlobalSection(ProjectConfigurationPlatforms) = postSolution
		{D22C41EF-3A50-41CB-8348-94D734B83E58}.Debug|x64.ActiveCfg = Debug|x64
		{D22C41EF-3A50-41CB-8348-94D734B83E58}.Debug|x64.Build.0 = Debug|x64
		{D22C41EF-3A50-41CB-8348-94D734B83E58}.Debug|x86.ActiveCfg = Debug|Win32
		{D22C41EF-3A50-41CB-8348-94D734B83E58}.Debug|x86.Build.0 = Debug|Win32
		{D22C41EF-3A50-41CB-8348-94D734B83E58}.Release|x64.ActiveCfg = Release|x64
		{D22C41EF-3A50-41CB-8348-94D734B83E58}.Release|x64.Build.0 = Release|x64
		{D22C41EF-3A50-41CB-8348-94D734B83E58}.Release|x86.ActiveCfg = Release|Win32
		{D22C41EF-3A50-41CB-8348-94D734B83E58}.Release|x86.Build.0 = Release|Win32
	EndGlobalSection
	GlobalSection(SolutionProperties) = preSolution
		HideSolutionNode = FALSE
	EndGlobalSection
	GlobalSection(ExtensibilityGlobals) = postSolution
		SolutionGuid = {811E2727-8AAA-452F-A315-C49CC84717A3}
	EndGlobalSection
EndGlobal
